
Microsoft Visual Studio Solution File, Format Version 12.00
# Visual Studio Version 17
VisualStudioVersion = 17.6.33815.320
MinimumVisualStudioVersion = 10.0.40219.1
Project("{9A19103F-16F7-4668-BE54-9A1E7A4F7556}") = "Rendeles_Forms_EM9NYU", "Rendeles_Forms_EM9NYU\Rendeles_Forms_EM9NYU.csproj", "{2716A6A1-4A16-4992-8354-8C50BDF96C16}"
EndProject
Project("{FAE04EC0-301F-11D3-BF4B-00C04F79EFBC}") = "MintaZH", "MintaZH\MintaZH.csproj", "{5B8EB9F8-3787-4C15-BC4E-AC0DCCEDF26F}"
EndProject
Global
	GlobalSection(SolutionConfigurationPlatforms) = preSolution
		Debug|Any CPU = Debug|Any CPU
		Release|Any CPU = Release|Any CPU
	EndGlobalSection
	GlobalSection(ProjectConfigurationPlatforms) = postSolution
		{2716A6A1-4A16-4992-8354-8C50BDF96C16}.Debug|Any CPU.ActiveCfg = Debug|Any CPU
		{2716A6A1-4A16-4992-8354-8C50BDF96C16}.Debug|Any CPU.Build.0 = Debug|Any CPU
		{2716A6A1-4A16-4992-8354-8C50BDF96C16}.Release|Any CPU.ActiveCfg = Release|Any CPU
		{2716A6A1-4A16-4992-8354-8C50BDF96C16}.Release|Any CPU.Build.0 = Release|Any CPU
		{5B8EB9F8-3787-4C15-BC4E-AC0DCCEDF26F}.Debug|Any CPU.ActiveCfg = Debug|Any CPU
		{5B8EB9F8-3787-4C15-BC4E-AC0DCCEDF26F}.Debug|Any CPU.Build.0 = Debug|Any CPU
		{5B8EB9F8-3787-4C15-BC4E-AC0DCCEDF26F}.Release|Any CPU.ActiveCfg = Release|Any CPU
		{5B8EB9F8-3787-4C15-BC4E-AC0DCCEDF26F}.Release|Any CPU.Build.0 = Release|Any CPU
	EndGlobalSection
	GlobalSection(SolutionProperties) = preSolution
		HideSolutionNode = FALSE
	EndGlobalSection
	GlobalSection(ExtensibilityGlobals) = postSolution
		SolutionGuid = {72A52336-7D31-4C88-9B15-1C0BC79B98C8}
	EndGlobalSection
EndGlobal
